
Microsoft Visual Studio Solution File, Format Version 12.00
# Visual Studio Version 16
VisualStudioVersion = 16.0.31112.23
MinimumVisualStudioVersion = 10.0.40219.1
Project("{FAE04EC0-301F-11D3-BF4B-00C04F79EFBC}") = "Magnifier_rev0", "Magnifier_rev0\Magnifier_rev0.csproj", "{1F6ECF81-4939-40DB-A348-EB0AB0403AB2}"
EndProject
Global
	GlobalSection(SolutionConfigurationPlatforms) = preSolution
		Debug|Any CPU = Debug|Any CPU
		Release|Any CPU = Release|Any CPU
	EndGlobalSection
	GlobalSection(ProjectConfigurationPlatforms) = postSolution
		{1F6ECF81-4939-40DB-A348-EB0AB0403AB2}.Debug|Any CPU.ActiveCfg = Debug|Any CPU
		{1F6ECF81-4939-40DB-A348-EB0AB0403AB2}.Debug|Any CPU.Build.0 = Debug|Any CPU
		{1F6ECF81-4939-40DB-A348-EB0AB0403AB2}.Release|Any CPU.ActiveCfg = Release|Any CPU
		{1F6ECF81-4939-40DB-A348-EB0AB0403AB2}.Release|Any CPU.Build.0 = Release|Any CPU
	EndGlobalSection
	GlobalSection(SolutionProperties) = preSolution
		HideSolutionNode = FALSE
	EndGlobalSection
	GlobalSection(ExtensibilityGlobals) = postSolution
		SolutionGuid = {503F8DAB-6744-4E72-8ECB-AC5927484F0A}
	EndGlobalSection
EndGlobal
